
Microsoft Visual Studio Solution File, Format Version 12.00
# Visual Studio Version 16
VisualStudioVersion = 16.0.29001.49
MinimumVisualStudioVersion = 10.0.40219.1
Project("{FAE04EC0-301F-11D3-BF4B-00C04F79EFBC}") = "Nata", "Nata\Nata.csproj", "{4A293C7B-4013-4D71-A200-C60F4ACF797B}"
EndProject
Global
	GlobalSection(SolutionConfigurationPlatforms) = preSolution
		Debug|Any CPU = Debug|Any CPU
		Release|Any CPU = Release|Any CPU
	EndGlobalSection
	GlobalSection(ProjectConfigurationPlatforms) = postSolution
		{4A293C7B-4013-4D71-A200-C60F4ACF797B}.Debug|Any CPU.ActiveCfg = Debug|Any CPU
		{4A293C7B-4013-4D71-A200-C60F4ACF797B}.Debug|Any CPU.Build.0 = Debug|Any CPU
		{4A293C7B-4013-4D71-A200-C60F4ACF797B}.Release|Any CPU.ActiveCfg = Release|Any CPU
		{4A293C7B-4013-4D71-A200-C60F4ACF797B}.Release|Any CPU.Build.0 = Release|Any CPU
	EndGlobalSection
	GlobalSection(SolutionProperties) = preSolution
		HideSolutionNode = FALSE
	EndGlobalSection
	GlobalSection(ExtensibilityGlobals) = postSolution
		SolutionGuid = {96797B8D-5AA3-4D52-823A-C71EE4C0FD87}
	EndGlobalSection
EndGlobal
